
Microsoft Visual Studio Solution File, Format Version 12.00
# Visual Studio Version 17
VisualStudioVersion = 17.11.35327.3
MinimumVisualStudioVersion = 10.0.40219.1
Project("{FAE04EC0-301F-11D3-BF4B-00C04F79EFBC}") = "infisical-demo", "infisical-demo.csproj", "{84FCC0B1-B340-4A0E-9F38-1E7357623F16}"
EndProject
Project("{FAE04EC0-301F-11D3-BF4B-00C04F79EFBC}") = "infisical-demo-tests", "..\infisical-demo-tests\infisical-demo-tests.csproj", "{41E68F51-425D-479A-89CF-7D93C0C7C9DA}"
EndProject
Global
	GlobalSection(SolutionConfigurationPlatforms) = preSolution
		Debug|Any CPU = Debug|Any CPU
		Release|Any CPU = Release|Any CPU
	EndGlobalSection
	GlobalSection(ProjectConfigurationPlatforms) = postSolution
		{84FCC0B1-B340-4A0E-9F38-1E7357623F16}.Debug|Any CPU.ActiveCfg = Debug|Any CPU
		{84FCC0B1-B340-4A0E-9F38-1E7357623F16}.Debug|Any CPU.Build.0 = Debug|Any CPU
		{84FCC0B1-B340-4A0E-9F38-1E7357623F16}.Release|Any CPU.ActiveCfg = Release|Any CPU
		{84FCC0B1-B340-4A0E-9F38-1E7357623F16}.Release|Any CPU.Build.0 = Release|Any CPU
		{41E68F51-425D-479A-89CF-7D93C0C7C9DA}.Debug|Any CPU.ActiveCfg = Debug|Any CPU
		{41E68F51-425D-479A-89CF-7D93C0C7C9DA}.Debug|Any CPU.Build.0 = Debug|Any CPU
		{41E68F51-425D-479A-89CF-7D93C0C7C9DA}.Release|Any CPU.ActiveCfg = Release|Any CPU
		{41E68F51-425D-479A-89CF-7D93C0C7C9DA}.Release|Any CPU.Build.0 = Release|Any CPU
	EndGlobalSection
	GlobalSection(SolutionProperties) = preSolution
		HideSolutionNode = FALSE
	EndGlobalSection
	GlobalSection(ExtensibilityGlobals) = postSolution
		SolutionGuid = {3108388F-9A1D-489B-835A-E127B08B579C}
	EndGlobalSection
EndGlobal
